
Microsoft Visual Studio Solution File, Format Version 12.00
# Visual Studio Version 16
VisualStudioVersion = 16.0.31515.178
MinimumVisualStudioVersion = 10.0.40219.1
Project("{9A19103F-16F7-4668-BE54-9A1E7A4F7556}") = "CitizensApi", "CitizensApi.csproj", "{EFEA92B8-01BF-4ECC-A3A7-82CC80E3B51C}"
EndProject
Global
	GlobalSection(SolutionConfigurationPlatforms) = preSolution
		Debug|Any CPU = Debug|Any CPU
		Release|Any CPU = Release|Any CPU
	EndGlobalSection
	GlobalSection(ProjectConfigurationPlatforms) = postSolution
		{EFEA92B8-01BF-4ECC-A3A7-82CC80E3B51C}.Debug|Any CPU.ActiveCfg = Debug|Any CPU
		{EFEA92B8-01BF-4ECC-A3A7-82CC80E3B51C}.Debug|Any CPU.Build.0 = Debug|Any CPU
		{EFEA92B8-01BF-4ECC-A3A7-82CC80E3B51C}.Release|Any CPU.ActiveCfg = Release|Any CPU
		{EFEA92B8-01BF-4ECC-A3A7-82CC80E3B51C}.Release|Any CPU.Build.0 = Release|Any CPU
	EndGlobalSection
	GlobalSection(SolutionProperties) = preSolution
		HideSolutionNode = FALSE
	EndGlobalSection
	GlobalSection(ExtensibilityGlobals) = postSolution
		SolutionGuid = {207455B9-9EAB-433F-9ADC-72BA3ED2EA7B}
	EndGlobalSection
EndGlobal
