
Microsoft Visual Studio Solution File, Format Version 12.00
# Visual Studio Version 16
VisualStudioVersion = 16.0.31515.178
MinimumVisualStudioVersion = 10.0.40219.1
Project("{9A19103F-16F7-4668-BE54-9A1E7A4F7556}") = "CitizensPortalWebMVC", "CitizensPortalWebMVC.csproj", "{193FC50E-F203-4E9B-A533-A47623203BBB}"
EndProject
Global
	GlobalSection(SolutionConfigurationPlatforms) = preSolution
		Debug|Any CPU = Debug|Any CPU
		Release|Any CPU = Release|Any CPU
	EndGlobalSection
	GlobalSection(ProjectConfigurationPlatforms) = postSolution
		{193FC50E-F203-4E9B-A533-A47623203BBB}.Debug|Any CPU.ActiveCfg = Debug|Any CPU
		{193FC50E-F203-4E9B-A533-A47623203BBB}.Debug|Any CPU.Build.0 = Debug|Any CPU
		{193FC50E-F203-4E9B-A533-A47623203BBB}.Release|Any CPU.ActiveCfg = Release|Any CPU
		{193FC50E-F203-4E9B-A533-A47623203BBB}.Release|Any CPU.Build.0 = Release|Any CPU
	EndGlobalSection
	GlobalSection(SolutionProperties) = preSolution
		HideSolutionNode = FALSE
	EndGlobalSection
	GlobalSection(ExtensibilityGlobals) = postSolution
		SolutionGuid = {88D954E0-0331-4FBD-B19B-FEAEED8ACE01}
	EndGlobalSection
EndGlobal
