
Microsoft Visual Studio Solution File, Format Version 12.00
# Visual Studio Version 16
VisualStudioVersion = 16.0.31515.178
MinimumVisualStudioVersion = 10.0.40219.1
Project("{9A19103F-16F7-4668-BE54-9A1E7A4F7556}") = "TaxCalculationApi", "TaxCalculationApi.csproj", "{899C8864-CE95-43AD-9756-1C6CD67A1C10}"
EndProject
Global
	GlobalSection(SolutionConfigurationPlatforms) = preSolution
		Debug|Any CPU = Debug|Any CPU
		Release|Any CPU = Release|Any CPU
	EndGlobalSection
	GlobalSection(ProjectConfigurationPlatforms) = postSolution
		{899C8864-CE95-43AD-9756-1C6CD67A1C10}.Debug|Any CPU.ActiveCfg = Debug|Any CPU
		{899C8864-CE95-43AD-9756-1C6CD67A1C10}.Debug|Any CPU.Build.0 = Debug|Any CPU
		{899C8864-CE95-43AD-9756-1C6CD67A1C10}.Release|Any CPU.ActiveCfg = Release|Any CPU
		{899C8864-CE95-43AD-9756-1C6CD67A1C10}.Release|Any CPU.Build.0 = Release|Any CPU
	EndGlobalSection
	GlobalSection(SolutionProperties) = preSolution
		HideSolutionNode = FALSE
	EndGlobalSection
	GlobalSection(ExtensibilityGlobals) = postSolution
		SolutionGuid = {8851A011-2B67-4173-94E4-3E7BFC954BE5}
	EndGlobalSection
EndGlobal
